{
  "nodes": {
    "flatpaks": {
      "locked": {
        "lastModified": 1739444422,
        "narHash": "sha256-iAVVHi7X3kWORftY+LVbRiStRnQEob2TULWyjMS6dWg=",
        "owner": "gmodena",
        "repo": "nix-flatpak",
        "rev": "5e54c3ca05a7c7d968ae1ddeabe01d2a9bc1e177",
        "type": "github"
      },
      "original": {
        "owner": "gmodena",
        "ref": "latest",
        "repo": "nix-flatpak",
        "type": "github"
      }
    },
    "home-manager": {
      "inputs": {
        "nixpkgs": [
          "nixpkgs"
        ]
      },
      "locked": {
        "lastModified": 1757997814,
        "narHash": "sha256-F+1aoG+3NH4jDDEmhnDUReISyq6kQBBuktTUqCUWSiw=",
        "owner": "nix-community",
        "repo": "home-manager",
        "rev": "5820376beb804de9acf07debaaff1ac84728b708",
        "type": "github"
      },
      "original": {
        "owner": "nix-community",
        "repo": "home-manager",
        "type": "github"
      }
    },
    "home-manager_2": {
      "inputs": {
        "nixpkgs": [
          "zen-browser",
          "nixpkgs"
        ]
      },
      "locked": {
        "lastModified": 1752603129,
        "narHash": "sha256-S+wmHhwNQ5Ru689L2Gu8n1OD6s9eU9n9mD827JNR+kw=",
        "owner": "nix-community",
        "repo": "home-manager",
        "rev": "e8c19a3cec2814c754f031ab3ae7316b64da085b",
        "type": "github"
      },
      "original": {
        "owner": "nix-community",
        "repo": "home-manager",
        "type": "github"
      }
    },
    "nix-system-graphics": {
      "inputs": {
        "nixpkgs": [
          "nixpkgs"
        ]
      },
      "locked": {
        "lastModified": 1737457219,
        "narHash": "sha256-nX9dxoATDCSQgWw/iv6BngXDJEyHVYYEvHEVQ7Ig3fI=",
        "owner": "soupglasses",
        "repo": "nix-system-graphics",
        "rev": "9c875e0c56cf2eb272b9102a4f3e24e4e31629fd",
        "type": "github"
      },
      "original": {
        "owner": "soupglasses",
        "repo": "nix-system-graphics",
        "type": "github"
      }
    },
    "nixpkgs": {
      "locked": {
        "lastModified": 1757745802,
        "narHash": "sha256-hLEO2TPj55KcUFUU1vgtHE9UEIOjRcH/4QbmfHNF820=",
        "owner": "NixOS",
        "repo": "nixpkgs",
        "rev": "c23193b943c6c689d70ee98ce3128239ed9e32d1",
        "type": "github"
      },
      "original": {
        "owner": "NixOS",
        "ref": "nixos-unstable",
        "repo": "nixpkgs",
        "type": "github"
      }
    },
    "root": {
      "inputs": {
        "flatpaks": "flatpaks",
        "home-manager": "home-manager",
        "nix-system-graphics": "nix-system-graphics",
        "nixpkgs": "nixpkgs",
        "system-manager": "system-manager",
        "zen-browser": "zen-browser"
      }
    },
    "system-manager": {
      "inputs": {
        "nixpkgs": [
          "nixpkgs"
        ]
      },
      "locked": {
        "lastModified": 1756281415,
        "narHash": "sha256-CjpoVwpJJ+DOZilPrDpZ5S3V+B1Y0calaHxTp2xMvGs=",
        "owner": "numtide",
        "repo": "system-manager",
        "rev": "e271eedac9a24678ca6cfc61677837422bf474e0",
        "type": "github"
      },
      "original": {
        "owner": "numtide",
        "repo": "system-manager",
        "type": "github"
      }
    },
    "zen-browser": {
      "inputs": {
        "home-manager": "home-manager_2",
        "nixpkgs": [
          "nixpkgs"
        ]
      },
      "locked": {
        "lastModified": 1758082958,
        "narHash": "sha256-DGpwK0Z8Yl70U8whJC9kQbenhmIANqQX7i40wG8KB2w=",
        "owner": "0xc000022070",
        "repo": "zen-browser-flake",
        "rev": "5edc5f5117da500890821f5684bf12f040f34ec5",
        "type": "github"
      },
      "original": {
        "owner": "0xc000022070",
        "repo": "zen-browser-flake",
        "type": "github"
      }
    }
  },
  "root": "root",
  "version": 7
}
